
Microsoft Visual Studio Solution File, Format Version 12.00
# Visual Studio 15
VisualStudioVersion = 15.0.28010.2048
MinimumVisualStudioVersion = 10.0.40219.1
Project("{FAE04EC0-301F-11D3-BF4B-00C04F79EFBC}") = "cows and bull", "cows and bull\cows and bull.csproj", "{68733498-E938-45DB-ACA6-EC02EDB4D955}"
EndProject
Project("{FAE04EC0-301F-11D3-BF4B-00C04F79EFBC}") = "new project", "new project\new project.csproj", "{5EEF1CD8-6A1F-4B73-B603-5A420C495AE1}"
EndProject
Global
	GlobalSection(SolutionConfigurationPlatforms) = preSolution
		Debug|Any CPU = Debug|Any CPU
		Release|Any CPU = Release|Any CPU
	EndGlobalSection
	GlobalSection(ProjectConfigurationPlatforms) = postSolution
		{68733498-E938-45DB-ACA6-EC02EDB4D955}.Debug|Any CPU.ActiveCfg = Debug|Any CPU
		{68733498-E938-45DB-ACA6-EC02EDB4D955}.Debug|Any CPU.Build.0 = Debug|Any CPU
		{68733498-E938-45DB-ACA6-EC02EDB4D955}.Release|Any CPU.ActiveCfg = Release|Any CPU
		{68733498-E938-45DB-ACA6-EC02EDB4D955}.Release|Any CPU.Build.0 = Release|Any CPU
		{5EEF1CD8-6A1F-4B73-B603-5A420C495AE1}.Debug|Any CPU.ActiveCfg = Debug|Any CPU
		{5EEF1CD8-6A1F-4B73-B603-5A420C495AE1}.Debug|Any CPU.Build.0 = Debug|Any CPU
		{5EEF1CD8-6A1F-4B73-B603-5A420C495AE1}.Release|Any CPU.ActiveCfg = Release|Any CPU
		{5EEF1CD8-6A1F-4B73-B603-5A420C495AE1}.Release|Any CPU.Build.0 = Release|Any CPU
	EndGlobalSection
	GlobalSection(SolutionProperties) = preSolution
		HideSolutionNode = FALSE
	EndGlobalSection
	GlobalSection(ExtensibilityGlobals) = postSolution
		SolutionGuid = {8AECB52F-1CA5-4E74-90C4-879F7378E54A}
	EndGlobalSection
EndGlobal
