
Microsoft Visual Studio Solution File, Format Version 12.00
# Visual Studio 15
VisualStudioVersion = 15.0.28307.329
MinimumVisualStudioVersion = 10.0.40219.1
Project("{FAE04EC0-301F-11D3-BF4B-00C04F79EFBC}") = "colors", "tetris\colors.csproj", "{895DB33B-1D29-47A1-B143-7D719C124711}"
EndProject
Project("{FAE04EC0-301F-11D3-BF4B-00C04F79EFBC}") = "place of showing", "place of showing\place of showing.csproj", "{862B58A8-EE0A-4C8E-B354-54E9E8882168}"
EndProject
Project("{FAE04EC0-301F-11D3-BF4B-00C04F79EFBC}") = "Tetris game", "Tetris game\Tetris game.csproj", "{C8130247-92F3-433B-AD5F-5CE2329E1264}"
EndProject
Global
	GlobalSection(SolutionConfigurationPlatforms) = preSolution
		Debug|Any CPU = Debug|Any CPU
		Release|Any CPU = Release|Any CPU
	EndGlobalSection
	GlobalSection(ProjectConfigurationPlatforms) = postSolution
		{895DB33B-1D29-47A1-B143-7D719C124711}.Debug|Any CPU.ActiveCfg = Debug|Any CPU
		{895DB33B-1D29-47A1-B143-7D719C124711}.Debug|Any CPU.Build.0 = Debug|Any CPU
		{895DB33B-1D29-47A1-B143-7D719C124711}.Release|Any CPU.ActiveCfg = Release|Any CPU
		{895DB33B-1D29-47A1-B143-7D719C124711}.Release|Any CPU.Build.0 = Release|Any CPU
		{862B58A8-EE0A-4C8E-B354-54E9E8882168}.Debug|Any CPU.ActiveCfg = Debug|Any CPU
		{862B58A8-EE0A-4C8E-B354-54E9E8882168}.Debug|Any CPU.Build.0 = Debug|Any CPU
		{862B58A8-EE0A-4C8E-B354-54E9E8882168}.Release|Any CPU.ActiveCfg = Release|Any CPU
		{862B58A8-EE0A-4C8E-B354-54E9E8882168}.Release|Any CPU.Build.0 = Release|Any CPU
		{C8130247-92F3-433B-AD5F-5CE2329E1264}.Debug|Any CPU.ActiveCfg = Debug|Any CPU
		{C8130247-92F3-433B-AD5F-5CE2329E1264}.Debug|Any CPU.Build.0 = Debug|Any CPU
		{C8130247-92F3-433B-AD5F-5CE2329E1264}.Release|Any CPU.ActiveCfg = Release|Any CPU
		{C8130247-92F3-433B-AD5F-5CE2329E1264}.Release|Any CPU.Build.0 = Release|Any CPU
	EndGlobalSection
	GlobalSection(SolutionProperties) = preSolution
		HideSolutionNode = FALSE
	EndGlobalSection
	GlobalSection(ExtensibilityGlobals) = postSolution
		SolutionGuid = {7200CFBB-5BE0-455C-BEB9-12C831818FD7}
	EndGlobalSection
EndGlobal
