
Microsoft Visual Studio Solution File, Format Version 12.00
# Visual Studio 15
VisualStudioVersion = 15.0.28010.2048
MinimumVisualStudioVersion = 10.0.40219.1
Project("{FAE04EC0-301F-11D3-BF4B-00C04F79EFBC}") = "tick tack toe with 2D arr", "tick tack toe with 2D arr\tick tack toe with 2D arr.csproj", "{9FA80A28-B0AE-47E8-99CB-21250B2D7012}"
EndProject
Global
	GlobalSection(SolutionConfigurationPlatforms) = preSolution
		Debug|Any CPU = Debug|Any CPU
		Release|Any CPU = Release|Any CPU
	EndGlobalSection
	GlobalSection(ProjectConfigurationPlatforms) = postSolution
		{9FA80A28-B0AE-47E8-99CB-21250B2D7012}.Debug|Any CPU.ActiveCfg = Debug|Any CPU
		{9FA80A28-B0AE-47E8-99CB-21250B2D7012}.Debug|Any CPU.Build.0 = Debug|Any CPU
		{9FA80A28-B0AE-47E8-99CB-21250B2D7012}.Release|Any CPU.ActiveCfg = Release|Any CPU
		{9FA80A28-B0AE-47E8-99CB-21250B2D7012}.Release|Any CPU.Build.0 = Release|Any CPU
	EndGlobalSection
	GlobalSection(SolutionProperties) = preSolution
		HideSolutionNode = FALSE
	EndGlobalSection
	GlobalSection(ExtensibilityGlobals) = postSolution
		SolutionGuid = {BDA0C5F2-2788-401E-A928-DF6634403AE5}
	EndGlobalSection
EndGlobal
