
Microsoft Visual Studio Solution File, Format Version 12.00
# Visual Studio 15
VisualStudioVersion = 15.0.28307.329
MinimumVisualStudioVersion = 10.0.40219.1
Project("{FAE04EC0-301F-11D3-BF4B-00C04F79EFBC}") = "bitwise operations", "bitwise operations\bitwise operations.csproj", "{69D27A5C-0D7E-4C27-A056-DB3E53134E6A}"
EndProject
Project("{FAE04EC0-301F-11D3-BF4B-00C04F79EFBC}") = "with method to binary", "with method to binary\with method to binary.csproj", "{5E23947F-7496-4613-9EA5-BD3FDB798747}"
EndProject
Project("{FAE04EC0-301F-11D3-BF4B-00C04F79EFBC}") = "bit at first position", "bit at first position\bit at first position.csproj", "{049EDEAC-1EBD-4DEF-AC16-41305BB4FE55}"
EndProject
Global
	GlobalSection(SolutionConfigurationPlatforms) = preSolution
		Debug|Any CPU = Debug|Any CPU
		Release|Any CPU = Release|Any CPU
	EndGlobalSection
	GlobalSection(ProjectConfigurationPlatforms) = postSolution
		{69D27A5C-0D7E-4C27-A056-DB3E53134E6A}.Debug|Any CPU.ActiveCfg = Debug|Any CPU
		{69D27A5C-0D7E-4C27-A056-DB3E53134E6A}.Debug|Any CPU.Build.0 = Debug|Any CPU
		{69D27A5C-0D7E-4C27-A056-DB3E53134E6A}.Release|Any CPU.ActiveCfg = Release|Any CPU
		{69D27A5C-0D7E-4C27-A056-DB3E53134E6A}.Release|Any CPU.Build.0 = Release|Any CPU
		{5E23947F-7496-4613-9EA5-BD3FDB798747}.Debug|Any CPU.ActiveCfg = Debug|Any CPU
		{5E23947F-7496-4613-9EA5-BD3FDB798747}.Debug|Any CPU.Build.0 = Debug|Any CPU
		{5E23947F-7496-4613-9EA5-BD3FDB798747}.Release|Any CPU.ActiveCfg = Release|Any CPU
		{5E23947F-7496-4613-9EA5-BD3FDB798747}.Release|Any CPU.Build.0 = Release|Any CPU
		{049EDEAC-1EBD-4DEF-AC16-41305BB4FE55}.Debug|Any CPU.ActiveCfg = Debug|Any CPU
		{049EDEAC-1EBD-4DEF-AC16-41305BB4FE55}.Debug|Any CPU.Build.0 = Debug|Any CPU
		{049EDEAC-1EBD-4DEF-AC16-41305BB4FE55}.Release|Any CPU.ActiveCfg = Release|Any CPU
		{049EDEAC-1EBD-4DEF-AC16-41305BB4FE55}.Release|Any CPU.Build.0 = Release|Any CPU
	EndGlobalSection
	GlobalSection(SolutionProperties) = preSolution
		HideSolutionNode = FALSE
	EndGlobalSection
	GlobalSection(ExtensibilityGlobals) = postSolution
		SolutionGuid = {C6D110FF-3D3D-4697-B7A9-F8FDB422F5BC}
	EndGlobalSection
EndGlobal
