
Microsoft Visual Studio Solution File, Format Version 12.00
# Visual Studio Version 16
VisualStudioVersion = 16.0.30021.99
MinimumVisualStudioVersion = 10.0.40219.1
Project("{FAE04EC0-301F-11D3-BF4B-00C04F79EFBC}") = "A", "Memory mapped files- test\A.csproj", "{3F562701-D9F7-4589-9526-CDDFBEBF5980}"
EndProject
Project("{FAE04EC0-301F-11D3-BF4B-00C04F79EFBC}") = "B", "B\B.csproj", "{ECC6041C-3C5E-4B5E-B599-78A3D817BB7F}"
EndProject
Project("{FAE04EC0-301F-11D3-BF4B-00C04F79EFBC}") = "C", "C\C.csproj", "{4A127AB8-5872-44F3-9965-7E84EDE38D3E}"
EndProject
Global
	GlobalSection(SolutionConfigurationPlatforms) = preSolution
		Debug|Any CPU = Debug|Any CPU
		Release|Any CPU = Release|Any CPU
	EndGlobalSection
	GlobalSection(ProjectConfigurationPlatforms) = postSolution
		{3F562701-D9F7-4589-9526-CDDFBEBF5980}.Debug|Any CPU.ActiveCfg = Debug|Any CPU
		{3F562701-D9F7-4589-9526-CDDFBEBF5980}.Debug|Any CPU.Build.0 = Debug|Any CPU
		{3F562701-D9F7-4589-9526-CDDFBEBF5980}.Release|Any CPU.ActiveCfg = Release|Any CPU
		{3F562701-D9F7-4589-9526-CDDFBEBF5980}.Release|Any CPU.Build.0 = Release|Any CPU
		{ECC6041C-3C5E-4B5E-B599-78A3D817BB7F}.Debug|Any CPU.ActiveCfg = Debug|Any CPU
		{ECC6041C-3C5E-4B5E-B599-78A3D817BB7F}.Debug|Any CPU.Build.0 = Debug|Any CPU
		{ECC6041C-3C5E-4B5E-B599-78A3D817BB7F}.Release|Any CPU.ActiveCfg = Release|Any CPU
		{ECC6041C-3C5E-4B5E-B599-78A3D817BB7F}.Release|Any CPU.Build.0 = Release|Any CPU
		{4A127AB8-5872-44F3-9965-7E84EDE38D3E}.Debug|Any CPU.ActiveCfg = Debug|Any CPU
		{4A127AB8-5872-44F3-9965-7E84EDE38D3E}.Debug|Any CPU.Build.0 = Debug|Any CPU
		{4A127AB8-5872-44F3-9965-7E84EDE38D3E}.Release|Any CPU.ActiveCfg = Release|Any CPU
		{4A127AB8-5872-44F3-9965-7E84EDE38D3E}.Release|Any CPU.Build.0 = Release|Any CPU
	EndGlobalSection
	GlobalSection(SolutionProperties) = preSolution
		HideSolutionNode = FALSE
	EndGlobalSection
	GlobalSection(ExtensibilityGlobals) = postSolution
		SolutionGuid = {1C4CA092-9187-4D20-BB9E-436CB4BDF6F3}
	EndGlobalSection
EndGlobal
