
Microsoft Visual Studio Solution File, Format Version 12.00
# Visual Studio 15
VisualStudioVersion = 15.0.28010.2048
MinimumVisualStudioVersion = 10.0.40219.1
Project("{FAE04EC0-301F-11D3-BF4B-00C04F79EFBC}") = "Matrix substraction", "Matrix substraction\Matrix substraction.csproj", "{F803F82C-4474-4E12-8EE3-EB1FE00F3347}"
EndProject
Project("{FAE04EC0-301F-11D3-BF4B-00C04F79EFBC}") = "test matrix", "test matrix\test matrix.csproj", "{3646598D-C7CF-413A-A471-44633C64C0EA}"
EndProject
Global
	GlobalSection(SolutionConfigurationPlatforms) = preSolution
		Debug|Any CPU = Debug|Any CPU
		Release|Any CPU = Release|Any CPU
	EndGlobalSection
	GlobalSection(ProjectConfigurationPlatforms) = postSolution
		{F803F82C-4474-4E12-8EE3-EB1FE00F3347}.Debug|Any CPU.ActiveCfg = Debug|Any CPU
		{F803F82C-4474-4E12-8EE3-EB1FE00F3347}.Debug|Any CPU.Build.0 = Debug|Any CPU
		{F803F82C-4474-4E12-8EE3-EB1FE00F3347}.Release|Any CPU.ActiveCfg = Release|Any CPU
		{F803F82C-4474-4E12-8EE3-EB1FE00F3347}.Release|Any CPU.Build.0 = Release|Any CPU
		{3646598D-C7CF-413A-A471-44633C64C0EA}.Debug|Any CPU.ActiveCfg = Debug|Any CPU
		{3646598D-C7CF-413A-A471-44633C64C0EA}.Debug|Any CPU.Build.0 = Debug|Any CPU
		{3646598D-C7CF-413A-A471-44633C64C0EA}.Release|Any CPU.ActiveCfg = Release|Any CPU
		{3646598D-C7CF-413A-A471-44633C64C0EA}.Release|Any CPU.Build.0 = Release|Any CPU
	EndGlobalSection
	GlobalSection(SolutionProperties) = preSolution
		HideSolutionNode = FALSE
	EndGlobalSection
	GlobalSection(ExtensibilityGlobals) = postSolution
		SolutionGuid = {1B997E80-ACF4-4979-8E5A-C3249D5DA96B}
	EndGlobalSection
EndGlobal
