
Microsoft Visual Studio Solution File, Format Version 12.00
# Visual Studio 15
VisualStudioVersion = 15.0.28010.2048
MinimumVisualStudioVersion = 10.0.40219.1
Project("{FAE04EC0-301F-11D3-BF4B-00C04F79EFBC}") = "Exam basics", "Exam basics\Exam basics.csproj", "{97A16B88-8AAA-48CC-9AB8-206A9925DEE4}"
EndProject
Project("{FAE04EC0-301F-11D3-BF4B-00C04F79EFBC}") = "Mountain run", "Mountain run\Mountain run.csproj", "{D2FA3A69-A90E-41B8-AF79-F57011920560}"
EndProject
Project("{FAE04EC0-301F-11D3-BF4B-00C04F79EFBC}") = "ski trip", "ski trip\ski trip.csproj", "{62B1A671-FD4D-4096-BC22-7852A0994F37}"
EndProject
Project("{FAE04EC0-301F-11D3-BF4B-00C04F79EFBC}") = "Puppy care", "Puppy care\Puppy care.csproj", "{1FC4DA16-E98F-4F33-AA95-3DAFC1E48CAC}"
EndProject
Project("{FAE04EC0-301F-11D3-BF4B-00C04F79EFBC}") = "Treking mania", "Treking mania\Treking mania.csproj", "{7DF126A1-E6A7-4FF9-8FEA-1EFDA2831FB6}"
EndProject
Project("{FAE04EC0-301F-11D3-BF4B-00C04F79EFBC}") = "safe password generator", "safe password generator\safe password generator.csproj", "{E45B3046-FCBE-47F6-B8C9-3964CC4649B2}"
EndProject
Global
	GlobalSection(SolutionConfigurationPlatforms) = preSolution
		Debug|Any CPU = Debug|Any CPU
		Release|Any CPU = Release|Any CPU
	EndGlobalSection
	GlobalSection(ProjectConfigurationPlatforms) = postSolution
		{97A16B88-8AAA-48CC-9AB8-206A9925DEE4}.Debug|Any CPU.ActiveCfg = Debug|Any CPU
		{97A16B88-8AAA-48CC-9AB8-206A9925DEE4}.Debug|Any CPU.Build.0 = Debug|Any CPU
		{97A16B88-8AAA-48CC-9AB8-206A9925DEE4}.Release|Any CPU.ActiveCfg = Release|Any CPU
		{97A16B88-8AAA-48CC-9AB8-206A9925DEE4}.Release|Any CPU.Build.0 = Release|Any CPU
		{D2FA3A69-A90E-41B8-AF79-F57011920560}.Debug|Any CPU.ActiveCfg = Debug|Any CPU
		{D2FA3A69-A90E-41B8-AF79-F57011920560}.Debug|Any CPU.Build.0 = Debug|Any CPU
		{D2FA3A69-A90E-41B8-AF79-F57011920560}.Release|Any CPU.ActiveCfg = Release|Any CPU
		{D2FA3A69-A90E-41B8-AF79-F57011920560}.Release|Any CPU.Build.0 = Release|Any CPU
		{62B1A671-FD4D-4096-BC22-7852A0994F37}.Debug|Any CPU.ActiveCfg = Debug|Any CPU
		{62B1A671-FD4D-4096-BC22-7852A0994F37}.Debug|Any CPU.Build.0 = Debug|Any CPU
		{62B1A671-FD4D-4096-BC22-7852A0994F37}.Release|Any CPU.ActiveCfg = Release|Any CPU
		{62B1A671-FD4D-4096-BC22-7852A0994F37}.Release|Any CPU.Build.0 = Release|Any CPU
		{1FC4DA16-E98F-4F33-AA95-3DAFC1E48CAC}.Debug|Any CPU.ActiveCfg = Debug|Any CPU
		{1FC4DA16-E98F-4F33-AA95-3DAFC1E48CAC}.Debug|Any CPU.Build.0 = Debug|Any CPU
		{1FC4DA16-E98F-4F33-AA95-3DAFC1E48CAC}.Release|Any CPU.ActiveCfg = Release|Any CPU
		{1FC4DA16-E98F-4F33-AA95-3DAFC1E48CAC}.Release|Any CPU.Build.0 = Release|Any CPU
		{7DF126A1-E6A7-4FF9-8FEA-1EFDA2831FB6}.Debug|Any CPU.ActiveCfg = Debug|Any CPU
		{7DF126A1-E6A7-4FF9-8FEA-1EFDA2831FB6}.Debug|Any CPU.Build.0 = Debug|Any CPU
		{7DF126A1-E6A7-4FF9-8FEA-1EFDA2831FB6}.Release|Any CPU.ActiveCfg = Release|Any CPU
		{7DF126A1-E6A7-4FF9-8FEA-1EFDA2831FB6}.Release|Any CPU.Build.0 = Release|Any CPU
		{E45B3046-FCBE-47F6-B8C9-3964CC4649B2}.Debug|Any CPU.ActiveCfg = Debug|Any CPU
		{E45B3046-FCBE-47F6-B8C9-3964CC4649B2}.Debug|Any CPU.Build.0 = Debug|Any CPU
		{E45B3046-FCBE-47F6-B8C9-3964CC4649B2}.Release|Any CPU.ActiveCfg = Release|Any CPU
		{E45B3046-FCBE-47F6-B8C9-3964CC4649B2}.Release|Any CPU.Build.0 = Release|Any CPU
	EndGlobalSection
	GlobalSection(SolutionProperties) = preSolution
		HideSolutionNode = FALSE
	EndGlobalSection
	GlobalSection(ExtensibilityGlobals) = postSolution
		SolutionGuid = {F26D6483-5099-4294-946E-2F1F3F1F4236}
	EndGlobalSection
EndGlobal
